
Microsoft Visual Studio Solution File, Format Version 12.00
# Visual Studio 15
VisualStudioVersion = 15.0.26430.1
MinimumVisualStudioVersion = 10.0.40219.1
Project("{FAE04EC0-301F-11D3-BF4B-00C04F79EFBC}") = "CloudNimble.Restier.Essentials", "CloudNimble.Restier.Essentials\CloudNimble.Restier.Essentials.csproj", "{233FFBD7-CACF-4348-A59E-546FEFDC641F}"
EndProject
Global
	GlobalSection(SolutionConfigurationPlatforms) = preSolution
		Debug|Any CPU = Debug|Any CPU
		Release|Any CPU = Release|Any CPU
	EndGlobalSection
	GlobalSection(ProjectConfigurationPlatforms) = postSolution
		{233FFBD7-CACF-4348-A59E-546FEFDC641F}.Debug|Any CPU.ActiveCfg = Debug|Any CPU
		{233FFBD7-CACF-4348-A59E-546FEFDC641F}.Debug|Any CPU.Build.0 = Debug|Any CPU
		{233FFBD7-CACF-4348-A59E-546FEFDC641F}.Release|Any CPU.ActiveCfg = Release|Any CPU
		{233FFBD7-CACF-4348-A59E-546FEFDC641F}.Release|Any CPU.Build.0 = Release|Any CPU
	EndGlobalSection
	GlobalSection(SolutionProperties) = preSolution
		HideSolutionNode = FALSE
	EndGlobalSection
	GlobalSection(ExtensibilityGlobals) = postSolution
		SolutionGuid = {64941C3D-22F8-49AC-8B36-378D3B138184}
	EndGlobalSection
EndGlobal
